// !$*UTF8*$!
{
	archiveVersion = 1;
	classes = {
	};
	objectVersion = 50;
	objects = {

/* Begin PBXBuildFile section */
		F2A109EB25536820003BA779 /* AppDelegate.swift in Sources */ = {isa = PBXBuildFile; fileRef = F2A109EA25536820003BA779 /* AppDelegate.swift */; };
		F2A109ED25536820003BA779 /* SceneDelegate.swift in Sources */ = {isa = PBXBuildFile; fileRef = F2A109EC25536820003BA779 /* SceneDelegate.swift */; };
		F2A109EF25536820003BA779 /* ViewController.swift in Sources */ = {isa = PBXBuildFile; fileRef = F2A109EE25536820003BA779 /* ViewController.swift */; };
		F2A109F225536820003BA779 /* Main.storyboard in Resources */ = {isa = PBXBuildFile; fileRef = F2A109F025536820003BA779 /* Main.storyboard */; };
		F2A109F425536826003BA779 /* Assets.xcassets in Resources */ = {isa = PBXBuildFile; fileRef = F2A109F325536826003BA779 /* Assets.xcassets */; };
		F2A109F725536826003BA779 /* LaunchScreen.storyboard in Resources */ = {isa = PBXBuildFile; fileRef = F2A109F525536826003BA779 /* LaunchScreen.storyboard */; };
		F2A10A122554BFFF003BA779 /* bodyScanViewController.swift in Sources */ = {isa = PBXBuildFile; fileRef = F2A10A112554BFFF003BA779 /* bodyScanViewController.swift */; };
		F2A10A152554C030003BA779 /* breathingViewController.swift in Sources */ = {isa = PBXBuildFile; fileRef = F2A10A142554C030003BA779 /* breathingViewController.swift */; };
/* End PBXBuildFile section */

/* Begin PBXFileReference section */
		F2A109E725536820003BA779 /* MeditationApp.app */ = {isa = PBXFileReference; explicitFileType = wrapper.application; includeInIndex = 0; path = MeditationApp.app; sourceTree = BUILT_PRODUCTS_DIR; };
		F2A109EA25536820003BA779 /* AppDelegate.swift */ = {isa = PBXFileReference; lastKnownFileType = sourcecode.swift; path = AppDelegate.swift; sourceTree = "<group>"; };
		F2A109EC25536820003BA779 /* SceneDelegate.swift */ = {isa = PBXFileReference; lastKnownFileType = sourcecode.swift; path = SceneDelegate.swift; sourceTree = "<group>"; };
		F2A109EE25536820003BA779 /* ViewController.swift */ = {isa = PBXFileReference; lastKnownFileType = sourcecode.swift; path = ViewController.swift; sourceTree = "<group>"; };
		F2A109F125536820003BA779 /* Base */ = {isa = PBXFileReference; lastKnownFileType = file.storyboard; name = Base; path = Base.lproj/Main.storyboard; sourceTree = "<group>"; };
		F2A109F325536826003BA779 /* Assets.xcassets */ = {isa = PBXFileReference; lastKnownFileType = folder.assetcatalog; path = Assets.xcassets; sourceTree = "<group>"; };
		F2A109F625536826003BA779 /* Base */ = {isa = PBXFileReference; lastKnownFileType = file.storyboard; name = Base; path = Base.lproj/LaunchScreen.storyboard; sourceTree = "<group>"; };
		F2A109F825536826003BA779 /* Info.plist */ = {isa = PBXFileReference; lastKnownFileType = text.plist.xml; path = Info.plist; sourceTree = "<group>"; };
		F2A10A112554BFFF003BA779 /* bodyScanViewController.swift */ = {isa = PBXFileReference; lastKnownFileType = sourcecode.swift; path = bodyScanViewController.swift; sourceTree = "<group>"; };
		F2A10A142554C030003BA779 /* breathingViewController.swift */ = {isa = PBXFileReference; lastKnownFileType = sourcecode.swift; path = breathingViewController.swift; sourceTree = "<group>"; };
/* End PBXFileReference section */

/* Begin PBXFrameworksBuildPhase section */
		F2A109E425536820003BA779 /* Frameworks */ = {
			isa = PBXFrameworksBuildPhase;
			buildActionMask = 2147483647;
			files = (
			);
			runOnlyForDeploymentPostprocessing = 0;
		};
/* End PBXFrameworksBuildPhase section */

/* Begin PBXGroup section */
		F2A109DE25536820003BA779 = {
			isa = PBXGroup;
			children = (
				F2A109E925536820003BA779 /* MeditationApp */,
				F2A109E825536820003BA779 /* Products */,
			);
			sourceTree = "<group>";
		};
		F2A109E825536820003BA779 /* Products */ = {
			isa = PBXGroup;
			children = (
				F2A109E725536820003BA779 /* MeditationApp.app */,
			);
			name = Products;
			sourceTree = "<group>";
		};
		F2A109E925536820003BA779 /* MeditationApp */ = {
			isa = PBXGroup;
			children = (
				F2A10A052554B96D003BA779 /* Controller */,
				F2A10A042554B964003BA779 /* View */,
				F2A10A032554B95C003BA779 /* Model */,
				F2A109F525536826003BA779 /* LaunchScreen.storyboard */,
				F2A109F825536826003BA779 /* Info.plist */,
			);
			path = MeditationApp;
			sourceTree = "<group>";
		};
		F2A10A032554B95C003BA779 /* Model */ = {
			isa = PBXGroup;
			children = (
				F2A109EA25536820003BA779 /* AppDelegate.swift */,
				F2A109EC25536820003BA779 /* SceneDelegate.swift */,
			);
			path = Model;
			sourceTree = "<group>";
		};
		F2A10A042554B964003BA779 /* View */ = {
			isa = PBXGroup;
			children = (
				F2A109F025536820003BA779 /* Main.storyboard */,
				F2A109F325536826003BA779 /* Assets.xcassets */,
			);
			path = View;
			sourceTree = "<group>";
		};
		F2A10A052554B96D003BA779 /* Controller */ = {
			isa = PBXGroup;
			children = (
				F2A109EE25536820003BA779 /* ViewController.swift */,
				F2A10A112554BFFF003BA779 /* bodyScanViewController.swift */,
				F2A10A142554C030003BA779 /* breathingViewController.swift */,
			);
			path = Controller;
			sourceTree = "<group>";
		};
/* End PBXGroup section */

/* Begin PBXNativeTarget section */
		F2A109E625536820003BA779 /* MeditationApp */ = {
			isa = PBXNativeTarget;
			buildConfigurationList = F2A109FB25536826003BA779 /* Build configuration list for PBXNativeTarget "MeditationApp" */;
			buildPhases = (
				F2A109E325536820003BA779 /* Sources */,
				F2A109E425536820003BA779 /* Frameworks */,
				F2A109E525536820003BA779 /* Resources */,
			);
			buildRules = (
			);
			dependencies = (
			);
			name = MeditationApp;
			productName = MeditationApp;
			productReference = F2A109E725536820003BA779 /* MeditationApp.app */;
			productType = "com.apple.product-type.application";
		};
/* End PBXNativeTarget section */

/* Begin PBXProject section */
		F2A109DF25536820003BA779 /* Project object */ = {
			isa = PBXProject;
			attributes = {
				LastSwiftUpdateCheck = 1210;
				LastUpgradeCheck = 1210;
				TargetAttributes = {
					F2A109E625536820003BA779 = {
						CreatedOnToolsVersion = 12.1;
					};
				};
			};
			buildConfigurationList = F2A109E225536820003BA779 /* Build configuration list for PBXProject "MeditationApp" */;
			compatibilityVersion = "Xcode 9.3";
			developmentRegion = en;
			hasScannedForEncodings = 0;
			knownRegions = (
				en,
				Base,
			);
			mainGroup = F2A109DE25536820003BA779;
			productRefGroup = F2A109E825536820003BA779 /* Products */;
			projectDirPath = "";
			projectRoot = "";
			targets = (
				F2A109E625536820003BA779 /* MeditationApp */,
			);
		};
/* End PBXProject section */

/* Begin PBXResourcesBuildPhase section */
		F2A109E525536820003BA779 /* Resources */ = {
			isa = PBXResourcesBuildPhase;
			buildActionMask = 2147483647;
			files = (
				F2A109F725536826003BA779 /* LaunchScreen.storyboard in Resources */,
				F2A109F425536826003BA779 /* Assets.xcassets in Resources */,
				F2A109F225536820003BA779 /* Main.storyboard in Resources */,
			);
			runOnlyForDeploymentPostprocessing = 0;
		};
/* End PBXResourcesBuildPhase section */

/* Begin PBXSourcesBuildPhase section */
		F2A109E325536820003BA779 /* Sources */ = {
			isa = PBXSourcesBuildPhase;
			buildActionMask = 2147483647;
			files = (
				F2A109EF25536820003BA779 /* ViewController.swift in Sources */,
				F2A10A122554BFFF003BA779 /* bodyScanViewController.swift in Sources */,
				F2A109EB25536820003BA779 /* AppDelegate.swift in Sources */,
				F2A109ED25536820003BA779 /* SceneDelegate.swift in Sources */,
				F2A10A152554C030003BA779 /* breathingViewController.swift in Sources */,
			);
			runOnlyForDeploymentPostprocessing = 0;
		};
/* End PBXSourcesBuildPhase section */

/* Begin PBXVariantGroup section */
		F2A109F025536820003BA779 /* Main.storyboard */ = {
			isa = PBXVariantGroup;
			children = (
				F2A109F125536820003BA779 /* Base */,
			);
			name = Main.storyboard;
			sourceTree = "<group>";
		};
		F2A109F525536826003BA779 /* LaunchScreen.storyboard */ = {
			isa = PBXVariantGroup;
			children = (
				F2A109F625536826003BA779 /* Base */,
			);
			name = LaunchScreen.storyboard;
			sourceTree = "<group>";
		};
/* End PBXVariantGroup section */

/* Begin XCBuildConfiguration section */
		F2A109F925536826003BA779 /* Debug */ = {
			isa = XCBuildConfiguration;
			buildSettings = {
				ALWAYS_SEARCH_USER_PATHS = NO;
				CLANG_ANALYZER_NONNULL = YES;
				CLANG_ANALYZER_NUMBER_OBJECT_CONVERSION = YES_AGGRESSIVE;
				CLANG_CXX_LANGUAGE_STANDARD = "gnu++14";
				CLANG_CXX_LIBRARY = "libc++";
				CLANG_ENABLE_MODULES = YES;
				CLANG_ENABLE_OBJC_ARC = YES;
				CLANG_ENABLE_OBJC_WEAK = YES;
				CLANG_WARN_BLOCK_CAPTURE_AUTORELEASING = YES;
				CLANG_WARN_BOOL_CONVERSION = YES;
				CLANG_WARN_COMMA = YES;
				CLANG_WARN_CONSTANT_CONVERSION = YES;
				CLANG_WARN_DEPRECATED_OBJC_IMPLEMENTATIONS = YES;
				CLANG_WARN_DIRECT_OBJC_ISA_USAGE = YES_ERROR;
				CLANG_WARN_DOCUMENTATION_COMMENTS = YES;
				CLANG_WARN_EMPTY_BODY = YES;
				CLANG_WARN_ENUM_CONVERSION = YES;
				CLANG_WARN_INFINITE_RECURSION = YES;
				CLANG_WARN_INT_CONVERSION = YES;
				CLANG_WARN_NON_LITERAL_NULL_CONVERSION = YES;
				CLANG_WARN_OBJC_IMPLICIT_RETAIN_SELF = YES;
				CLANG_WARN_OBJC_LITERAL_CONVERSION = YES;
				CLANG_WARN_OBJC_ROOT_CLASS = YES_ERROR;
				CLANG_WARN_QUOTED_INCLUDE_IN_FRAMEWORK_HEADER = YES;
				CLANG_WARN_RANGE_LOOP_ANALYSIS = YES;
				CLANG_WARN_STRICT_PROTOTYPES = YES;
				CLANG_WARN_SUSPICIOUS_MOVE = YES;
				CLANG_WARN_UNGUARDED_AVAILABILITY = YES_AGGRESSIVE;
				CLANG_WARN_UNREACHABLE_CODE = YES;
				CLANG_WARN__DUPLICATE_METHOD_MATCH = YES;
				COPY_PHASE_STRIP = NO;
				DEBUG_INFORMATION_FORMAT = dwarf;
				ENABLE_STRICT_OBJC_MSGSEND = YES;
				ENABLE_TESTABILITY = YES;
				GCC_C_LANGUAGE_STANDARD = gnu11;
				GCC_DYNAMIC_NO_PIC = NO;
				GCC_NO_COMMON_BLOCKS = YES;
				GCC_OPTIMIZATION_LEVEL = 0;
				GCC_PREPROCESSOR_DEFINITIONS = (
					"DEBUG=1",
					"$(inherited)",
				);
				GCC_WARN_64_TO_32_BIT_CONVERSION = YES;
				GCC_WARN_ABOUT_RETURN_TYPE = YES_ERROR;
				GCC_WARN_UNDECLARED_SELECTOR = YES;
				GCC_WARN_UNINITIALIZED_AUTOS = YES_AGGRESSIVE;
				GCC_WARN_UNUSED_FUNCTION = YES;
				GCC_WARN_UNUSED_VARIABLE = YES;
				IPHONEOS_DEPLOYMENT_TARGET = 14.1;
				MTL_ENABLE_DEBUG_INFO = INCLUDE_SOURCE;
				MTL_FAST_MATH = YES;
				ONLY_ACTIVE_ARCH = YES;
				SDKROOT = iphoneos;
				SWIFT_ACTIVE_COMPILATION_CONDITIONS = DEBUG;
				SWIFT_OPTIMIZATION_LEVEL = "-Onone";
			};
			name = Debug;
		};
		F2A109FA25536826003BA779 /* Release */ = {
			isa = XCBuildConfiguration;
			buildSettings = {
				ALWAYS_SEARCH_USER_PATHS = NO;
				CLANG_ANALYZER_NONNULL = YES;
				CLANG_ANALYZER_NUMBER_OBJECT_CONVERSION = YES_AGGRESSIVE;
				CLANG_CXX_LANGUAGE_STANDARD = "gnu++14";
				CLANG_CXX_LIBRARY = "libc++";
				CLANG_ENABLE_MODULES = YES;
				CLANG_ENABLE_OBJC_ARC = YES;
				CLANG_ENABLE_OBJC_WEAK = YES;
				CLANG_WARN_BLOCK_CAPTURE_AUTORELEASING = YES;
				CLANG_WARN_BOOL_CONVERSION = YES;
				CLANG_WARN_COMMA = YES;
				CLANG_WARN_CONSTANT_CONVERSION = YES;
				CLANG_WARN_DEPRECATED_OBJC_IMPLEMENTATIONS = YES;
				CLANG_WARN_DIRECT_OBJC_ISA_USAGE = YES_ERROR;
				CLANG_WARN_DOCUMENTATION_COMMENTS = YES;
				CLANG_WARN_EMPTY_BODY = YES;
				CLANG_WARN_ENUM_CONVERSION = YES;
				CLANG_WARN_INFINITE_RECURSION = YES;
				CLANG_WARN_INT_CONVERSION = YES;
				CLANG_WARN_NON_LITERAL_NULL_CONVERSION = YES;
				CLANG_WARN_OBJC_IMPLICIT_RETAIN_SELF = YES;
				CLANG_WARN_OBJC_LITERAL_CONVERSION = YES;
				CLANG_WARN_OBJC_ROOT_CLASS = YES_ERROR;
				CLANG_WARN_QUOTED_INCLUDE_IN_FRAMEWORK_HEADER = YES;
				CLANG_WARN_RANGE_LOOP_ANALYSIS = YES;
				CLANG_WARN_STRICT_PROTOTYPES = YES;
				CLANG_WARN_SUSPICIOUS_MOVE = YES;
				CLANG_WARN_UNGUARDED_AVAILABILITY = YES_AGGRESSIVE;
				CLANG_WARN_UNREACHABLE_CODE = YES;
				CLANG_WARN__DUPLICATE_METHOD_MATCH = YES;
				COPY_PHASE_STRIP = NO;
				DEBUG_INFORMATION_FORMAT = "dwarf-with-dsym";
				ENABLE_NS_ASSERTIONS = NO;
				ENABLE_STRICT_OBJC_MSGSEND = YES;
				GCC_C_LANGUAGE_STANDARD = gnu11;
				GCC_NO_COMMON_BLOCKS = YES;
				GCC_WARN_64_TO_32_BIT_CONVERSION = YES;
				GCC_WARN_ABOUT_RETURN_TYPE = YES_ERROR;
				GCC_WARN_UNDECLARED_SELECTOR = YES;
				GCC_WARN_UNINITIALIZED_AUTOS = YES_AGGRESSIVE;
				GCC_WARN_UNUSED_FUNCTION = YES;
				GCC_WARN_UNUSED_VARIABLE = YES;
				IPHONEOS_DEPLOYMENT_TARGET = 14.1;
				MTL_ENABLE_DEBUG_INFO = NO;
				MTL_FAST_MATH = YES;
				SDKROOT = iphoneos;
				SWIFT_COMPILATION_MODE = wholemodule;
				SWIFT_OPTIMIZATION_LEVEL = "-O";
				VALIDATE_PRODUCT = YES;
			};
			name = Release;
		};
		F2A109FC25536826003BA779 /* Debug */ = {
			isa = XCBuildConfiguration;
			buildSettings = {
				ASSETCATALOG_COMPILER_APPICON_NAME = AppIcon;
				ASSETCATALOG_COMPILER_GLOBAL_ACCENT_COLOR_NAME = AccentColor;
				CODE_SIGN_STYLE = Automatic;
				DEVELOPMENT_TEAM = 69MAR4S32D;
				INFOPLIST_FILE = MeditationApp/Info.plist;
				LD_RUNPATH_SEARCH_PATHS = (
					"$(inherited)",
					"@executable_path/Frameworks",
				);
				PRODUCT_BUNDLE_IDENTIFIER = UserName.MeditationApp;
				PRODUCT_NAME = "$(TARGET_NAME)";
				SWIFT_VERSION = 5.0;
				TARGETED_DEVICE_FAMILY = 1;
			};
			name = Debug;
		};
		F2A109FD25536826003BA779 /* Release */ = {
			isa = XCBuildConfiguration;
			buildSettings = {
				ASSETCATALOG_COMPILER_APPICON_NAME = AppIcon;
				ASSETCATALOG_COMPILER_GLOBAL_ACCENT_COLOR_NAME = AccentColor;
				CODE_SIGN_STYLE = Automatic;
				DEVELOPMENT_TEAM = 69MAR4S32D;
				INFOPLIST_FILE = MeditationApp/Info.plist;
				LD_RUNPATH_SEARCH_PATHS = (
					"$(inherited)",
					"@executable_path/Frameworks",
				);
				PRODUCT_BUNDLE_IDENTIFIER = UserName.MeditationApp;
				PRODUCT_NAME = "$(TARGET_NAME)";
				SWIFT_VERSION = 5.0;
				TARGETED_DEVICE_FAMILY = 1;
			};
			name = Release;
		};
/* End XCBuildConfiguration section */

/* Begin XCConfigurationList section */
		F2A109E225536820003BA779 /* Build configuration list for PBXProject "MeditationApp" */ = {
			isa = XCConfigurationList;
			buildConfigurations = (
				F2A109F925536826003BA779 /* Debug */,
				F2A109FA25536826003BA779 /* Release */,
			);
			defaultConfigurationIsVisible = 0;
			defaultConfigurationName = Release;
		};
		F2A109FB25536826003BA779 /* Build configuration list for PBXNativeTarget "MeditationApp" */ = {
			isa = XCConfigurationList;
			buildConfigurations = (
				F2A109FC25536826003BA779 /* Debug */,
				F2A109FD25536826003BA779 /* Release */,
			);
			defaultConfigurationIsVisible = 0;
			defaultConfigurationName = Release;
		};
/* End XCConfigurationList section */
	};
	rootObject = F2A109DF25536820003BA779 /* Project object */;
}
